{
  "version": 4,
  "terraform_version": "1.14.9",
  "serial": 40,
  "lineage": "6df1d5de-94e6-eb46-0f92-f289c18e3136",
  "outputs": {},
  "resources": [
    {
      "mode": "data",
      "type": "google_service_account_access_token",
      "name": "default",
      "provider": "provider[\"registry.terraform.io/hashicorp/google\"]",
      "instances": [
        {
          "schema_version": 0,
          "attributes": {
            "access_token": "ya29.c.c0AZ4bNpbB0yYmZOABYojpjodl34G47BVtYfrrnRwLWr2QZBTH41ynrfjAkKrVsF3JHlHqoWEpBratFYe5OMgX5sP0YNDJdvjcHBm4U8BGW5N4CR7YZCQn11p7T4N7e7uPpZPhfIi-ZnIz0MhsjFG6CZw2ZK3tT0-ovGqGCFLCrVAj5B3f-zUYWoFkKgDF9Edi189L3Ua3uVLUKx_SyIqG7-56BqUa5UbWFttmDzZfiAzQmiBf0k0DWFz78I4SletF7aFU7wOZVMhT08ILHOWJa0_Cu1FauBJmYsAU5_He_ExvaRfywIp1JmXcJaEeCoGRCgV9Wt1UXxpeI6UB-DFceKRo5yPip8BsC-4aUeiatQYxEiipELVq5eZDKbV92DVxep6TM4bHJxLCxxDW0EtSKEqnxqPDzEAU7zCweffYj-LvbLzKNOSnLGAj8e8BZgyY2DOj35KSC1m2yHalIblO0M-LRFctSaiWhQLpGjj-rZwq6BXgRg2muym4spTqE_ZDjMJFb-J_B9JfVIT4KyYF2xep7itDu67Nly6Nqh5vHKG7cSx1Z8eXUypW_3vjLd7EeFTaT85DT16V6iQCnpHgGWDM0CSlzLiSM3ZJTcZqFXo7FSW2S45KZHdXJ850cRRisKv-r_m1T657A6gdUtfiZ9IXa4JhZM8z9vYgfStfU6kuenZl3n7VwaR8JswdsfX5d7wXphuMifudf3SJ-dj8l8p7VwZZ7mxmB6m3ruF_gYS5iQ4qtU8zesWRyyXYW8xJx35h6sRgQh_aekdX7ocrQ7gRwa9Y0f_SX_5ZigZrhMR2yy0SJ7I5gBQf3ijp4121zXgmQxYsV6hQebrgVublshW9stnda7SfS07IWmcJco9p37U1ObQttf_x4xdVd26Rajx9YwoBQuyWOoFXI_Fwcm47VgXzuztasflMgxRkuseQip-WYxy1q-3oy8eZ87_hjIdJs0kx3sak_QhRhasBoyOXlfIOZm4f8BxV2f0p8kq3hUoIhn6vh6f",
            "delegates": null,
            "id": "projects/-/serviceAccounts/terraform-runner@project-b31a1c88-103c-4da2-b2c.iam.gserviceaccount.com",
            "lifetime": "3600s",
            "scopes": [
              "https://www.googleapis.com/auth/cloud-platform"
            ],
            "target_service_account": "terraform-runner@project-b31a1c88-103c-4da2-b2c.iam.gserviceaccount.com"
          },
          "sensitive_attributes": [
            [
              {
                "type": "get_attr",
                "value": "access_token"
              }
            ]
          ],
          "identity_schema_version": 0
        }
      ]
    },
    {
      "mode": "managed",
      "type": "google_bigquery_dataset",
      "name": "dataeng_course",
      "provider": "provider[\"registry.terraform.io/hashicorp/google\"].impersonated",
      "instances": [
        {
          "schema_version": 0,
          "attributes": {
            "access": [
              {
                "condition": [],
                "dataset": [],
                "domain": "",
                "group_by_email": "",
                "iam_member": "",
                "role": "OWNER",
                "routine": [],
                "special_group": "",
                "user_by_email": "terraform-runner@project-b31a1c88-103c-4da2-b2c.iam.gserviceaccount.com",
                "view": []
              },
              {
                "condition": [],
                "dataset": [],
                "domain": "",
                "group_by_email": "",
                "iam_member": "",
                "role": "OWNER",
                "routine": [],
                "special_group": "projectOwners",
                "user_by_email": "",
                "view": []
              },
              {
                "condition": [],
                "dataset": [],
                "domain": "",
                "group_by_email": "",
                "iam_member": "",
                "role": "READER",
                "routine": [],
                "special_group": "projectReaders",
                "user_by_email": "",
                "view": []
              },
              {
                "condition": [],
                "dataset": [],
                "domain": "",
                "group_by_email": "",
                "iam_member": "",
                "role": "WRITER",
                "routine": [],
                "special_group": "projectWriters",
                "user_by_email": "",
                "view": []
              }
            ],
            "creation_time": 1776958405488,
            "dataset_id": "dataeng_course",
            "default_collation": "",
            "default_encryption_configuration": [],
            "default_partition_expiration_ms": 0,
            "default_table_expiration_ms": 0,
            "delete_contents_on_destroy": true,
            "description": "",
            "effective_labels": {
              "goog-terraform-provisioned": "true"
            },
            "etag": "lvWS9pB3GP3wJt35Yw9NZQ==",
            "external_catalog_dataset_options": [],
            "external_dataset_reference": [],
            "friendly_name": "",
            "id": "projects/project-b31a1c88-103c-4da2-b2c/datasets/dataeng_course",
            "is_case_insensitive": false,
            "labels": null,
            "last_modified_time": 1776958405488,
            "location": "EU",
            "max_time_travel_hours": "168",
            "project": "project-b31a1c88-103c-4da2-b2c",
            "resource_tags": null,
            "self_link": "https://bigquery.googleapis.com/bigquery/v2/projects/project-b31a1c88-103c-4da2-b2c/datasets/dataeng_course",
            "storage_billing_model": "",
            "terraform_labels": {
              "goog-terraform-provisioned": "true"
            },
            "timeouts": null
          },
          "sensitive_attributes": [],
          "identity_schema_version": 0,
          "private": "eyJlMmJmYjczMC1lY2FhLTExZTYtOGY4OC0zNDM2M2JjN2M0YzAiOnsiY3JlYXRlIjoxMjAwMDAwMDAwMDAwLCJkZWxldGUiOjEyMDAwMDAwMDAwMDAsInVwZGF0ZSI6MTIwMDAwMDAwMDAwMH19",
          "dependencies": [
            "data.google_service_account_access_token.default"
          ]
        }
      ]
    },
    {
      "mode": "managed",
      "type": "google_storage_bucket",
      "name": "demo-bucket",
      "provider": "provider[\"registry.terraform.io/hashicorp/google\"].impersonated",
      "instances": [
        {
          "schema_version": 4,
          "attributes": {
            "autoclass": [],
            "cors": [],
            "custom_placement_config": [],
            "default_event_based_hold": false,
            "effective_labels": {
              "goog-terraform-provisioned": "true"
            },
            "enable_object_retention": false,
            "encryption": [],
            "force_destroy": true,
            "hierarchical_namespace": [
              {
                "enabled": false
              }
            ],
            "id": "project-b31a1c88-103c-4da2-b2c-terra-bucket",
            "ip_filter": [],
            "labels": null,
            "lifecycle_rule": [
              {
                "action": [
                  {
                    "storage_class": "",
                    "type": "AbortIncompleteMultipartUpload"
                  }
                ],
                "condition": [
                  {
                    "age": 1,
                    "created_before": "",
                    "custom_time_before": "",
                    "days_since_custom_time": 0,
                    "days_since_noncurrent_time": 0,
                    "matches_prefix": [],
                    "matches_storage_class": [],
                    "matches_suffix": [],
                    "noncurrent_time_before": "",
                    "num_newer_versions": 0,
                    "send_age_if_zero": false,
                    "send_days_since_custom_time_if_zero": false,
                    "send_days_since_noncurrent_time_if_zero": false,
                    "send_num_newer_versions_if_zero": false,
                    "with_state": "ANY"
                  }
                ]
              }
            ],
            "location": "EU",
            "logging": [],
            "name": "project-b31a1c88-103c-4da2-b2c-terra-bucket",
            "project": "project-b31a1c88-103c-4da2-b2c",
            "project_number": 414041755430,
            "public_access_prevention": "inherited",
            "requester_pays": false,
            "retention_policy": [],
            "rpo": "DEFAULT",
            "self_link": "https://www.googleapis.com/storage/v1/b/project-b31a1c88-103c-4da2-b2c-terra-bucket",
            "soft_delete_policy": [
              {
                "effective_time": "2026-04-23T15:33:26.547Z",
                "retention_duration_seconds": 604800
              }
            ],
            "storage_class": "STANDARD",
            "terraform_labels": {
              "goog-terraform-provisioned": "true"
            },
            "time_created": "2026-04-23T15:33:26.547Z",
            "timeouts": null,
            "uniform_bucket_level_access": true,
            "updated": "2026-04-23T15:33:26.547Z",
            "url": "gs://project-b31a1c88-103c-4da2-b2c-terra-bucket",
            "versioning": [],
            "website": []
          },
          "sensitive_attributes": [],
          "identity_schema_version": 0,
          "private": "eyJlMmJmYjczMC1lY2FhLTExZTYtOGY4OC0zNDM2M2JjN2M0YzAiOnsiY3JlYXRlIjo2MDAwMDAwMDAwMDAsInJlYWQiOjI0MDAwMDAwMDAwMCwidXBkYXRlIjoyNDAwMDAwMDAwMDB9LCJzY2hlbWFfdmVyc2lvbiI6IjQifQ==",
          "dependencies": [
            "data.google_service_account_access_token.default"
          ]
        }
      ]
    }
  ],
  "check_results": null
}
